
Microsoft Visual Studio Solution File, Format Version 12.00
# Visual Studio 15
VisualStudioVersion = 15.0.28307.2092
MinimumVisualStudioVersion = 10.0.40219.1
Project("{FAE04EC0-301F-11D3-BF4B-00C04F79EFBC}") = "FixedDictionary", "FixedDictionary\FixedDictionary.csproj", "{DE3963E6-8CED-4DBB-80AE-0EEDEA263385}"
EndProject
Global
	GlobalSection(SolutionConfigurationPlatforms) = preSolution
		Debug|Any CPU = Debug|Any CPU
		Release|Any CPU = Release|Any CPU
	EndGlobalSection
	GlobalSection(ProjectConfigurationPlatforms) = postSolution
		{DE3963E6-8CED-4DBB-80AE-0EEDEA263385}.Debug|Any CPU.ActiveCfg = Debug|Any CPU
		{DE3963E6-8CED-4DBB-80AE-0EEDEA263385}.Debug|Any CPU.Build.0 = Debug|Any CPU
		{DE3963E6-8CED-4DBB-80AE-0EEDEA263385}.Release|Any CPU.ActiveCfg = Release|Any CPU
		{DE3963E6-8CED-4DBB-80AE-0EEDEA263385}.Release|Any CPU.Build.0 = Release|Any CPU
	EndGlobalSection
	GlobalSection(SolutionProperties) = preSolution
		HideSolutionNode = FALSE
	EndGlobalSection
	GlobalSection(ExtensibilityGlobals) = postSolution
		SolutionGuid = {8AA33EB2-9B28-4E30-B084-C63BDA397D1E}
	EndGlobalSection
EndGlobal
